<?xml version="1.0" encoding="utf-8"?>
<Project ToolsVersion="4.0" xmlns="http://schemas.microsoft.com/developer/msbuild/2003">
  <ItemGroup>
    <Filter Include="Source Files">
      <UniqueIdentifier>{4FC737F1-C7A5-4376-A066-2A32D752A2FF}</UniqueIdentifier>
      <Extensions>cpp;c;cc;cxx;c++;cppm;ixx;def;odl;idl;hpj;bat;asm;asmx</Extensions>
    </Filter>
    <Filter Include="Header Files">
      <UniqueIdentifier>{93995380-89BD-4b04-88EB-625FBE52EBFB}</UniqueIdentifier>
      <Extensions>h;hh;hpp;hxx;h++;hm;inl;inc;ipp;xsd</Extensions>
    </Filter>
    <Filter Include="Resource Files">
      <UniqueIdentifier>{67DA6AB6-F800-4c08-8B7A-83BB121AAD01}</UniqueIdentifier>
      <Extensions>rc;ico;cur;bmp;dlg;rc2;rct;bin;rgs;gif;jpg;jpeg;jpe;resx;tiff;tif;png;wav;mfcribbon-ms</Extensions>
    </Filter>
    <Filter Include="Source Files\util">
      <UniqueIdentifier>{a3692e2e-9cd8-44bc-99af-5f2648048427}</UniqueIdentifier>
    </Filter>
    <Filter Include="Header Files\core">
      <UniqueIdentifier>{bad365b4-c44a-4bf8-94dd-a95639b74505}</UniqueIdentifier>
    </Filter>
    <Filter Include="Source Files\core">
      <UniqueIdentifier>{38250145-afc7-4cf0-84b1-30f9e465515f}</UniqueIdentifier>
    </Filter>
    <Filter Include="Resource Files\shader">
      <UniqueIdentifier>{bf9f9913-4415-49a6-94dd-49123eed13d1}</UniqueIdentifier>
    </Filter>
    <Filter Include="Resource Files\image">
      <UniqueIdentifier>{8c02da42-5baf-4fb0-abe0-bb08de3d8838}</UniqueIdentifier>
    </Filter>
    <Filter Include="Header Files\core\scene">
      <UniqueIdentifier>{19b03976-e2f0-4731-8ce4-b7e2978b4a61}</UniqueIdentifier>
    </Filter>
    <Filter Include="Source Files\core\scene">
      <UniqueIdentifier>{bc67392c-97c0-40c5-b9ae-3732773767e2}</UniqueIdentifier>
    </Filter>
    <Filter Include="Header Files\core\debug">
      <UniqueIdentifier>{26871129-7f2b-491e-9c73-6c683c061f28}</UniqueIdentifier>
    </Filter>
    <Filter Include="Source Files\core\debug">
      <UniqueIdentifier>{623d1758-2958-4bc2-8e27-b6bdc20b69d7}</UniqueIdentifier>
    </Filter>
    <Filter Include="Header Files\test">
      <UniqueIdentifier>{03232280-97bf-4d67-8f33-93591f964339}</UniqueIdentifier>
    </Filter>
    <Filter Include="Source Files\test">
      <UniqueIdentifier>{77cf095a-756f-4d22-acf4-fc000999f3ac}</UniqueIdentifier>
    </Filter>
  </ItemGroup>
  <ItemGroup>
    <ClCompile Include="main.cpp">
      <Filter>Source Files</Filter>
    </ClCompile>
    <ClCompile Include="Debug.cpp">
      <Filter>Source Files\core\debug</Filter>
    </ClCompile>
    <ClCompile Include="stb_image.cpp">
      <Filter>Source Files\util</Filter>
    </ClCompile>
    <ClCompile Include="VertexBuffer.cpp">
      <Filter>Source Files\core</Filter>
    </ClCompile>
    <ClCompile Include="IndexBuffer.cpp">
      <Filter>Source Files\core</Filter>
    </ClCompile>
    <ClCompile Include="VertexArray.cpp">
      <Filter>Source Files\core</Filter>
    </ClCompile>
    <ClCompile Include="Shader.cpp">
      <Filter>Source Files\core</Filter>
    </ClCompile>
    <ClCompile Include="Texture.cpp">
      <Filter>Source Files\core</Filter>
    </ClCompile>
    <ClCompile Include="Component.cpp">
      <Filter>Source Files\core\scene</Filter>
    </ClCompile>
    <ClCompile Include="Camera.cpp">
      <Filter>Source Files\core\scene</Filter>
    </ClCompile>
    <ClCompile Include="Scene.cpp">
      <Filter>Source Files\core\scene</Filter>
    </ClCompile>
    <ClCompile Include="SceneRenderer.cpp">
      <Filter>Source Files\core\scene</Filter>
    </ClCompile>
    <ClCompile Include="TestScene.cpp">
      <Filter>Source Files</Filter>
    </ClCompile>
    <ClCompile Include="core.cpp">
      <Filter>Source Files\core</Filter>
    </ClCompile>
  </ItemGroup>
  <ItemGroup>
    <ClInclude Include="VertexBuffer.h">
      <Filter>Header Files\core</Filter>
    </ClInclude>
    <ClInclude Include="IndexBuffer.h">
      <Filter>Header Files\core</Filter>
    </ClInclude>
    <ClInclude Include="VertexArray.h">
      <Filter>Header Files\core</Filter>
    </ClInclude>
    <ClInclude Include="Shader.h">
      <Filter>Header Files\core</Filter>
    </ClInclude>
    <ClInclude Include="Texture.h">
      <Filter>Header Files\core</Filter>
    </ClInclude>
    <ClInclude Include="Component.h">
      <Filter>Header Files\core\scene</Filter>
    </ClInclude>
    <ClInclude Include="Camera.h">
      <Filter>Header Files\core\scene</Filter>
    </ClInclude>
    <ClInclude Include="Scene.h">
      <Filter>Header Files\core\scene</Filter>
    </ClInclude>
    <ClInclude Include="core.h">
      <Filter>Header Files\core</Filter>
    </ClInclude>
    <ClInclude Include="Debug.h">
      <Filter>Header Files\core\debug</Filter>
    </ClInclude>
    <ClInclude Include="SceneRenderer.h">
      <Filter>Header Files\core\scene</Filter>
    </ClInclude>
    <ClInclude Include="TestScene.h">
      <Filter>Header Files</Filter>
    </ClInclude>
  </ItemGroup>
  <ItemGroup>
    <Image Include="sample.png">
      <Filter>Resource Files\image</Filter>
    </Image>
    <Image Include="sample2.png">
      <Filter>Resource Files\image</Filter>
    </Image>
    <Image Include="awesomeface.png">
      <Filter>Resource Files\image</Filter>
    </Image>
    <Image Include="container.jpg">
      <Filter>Resource Files\image</Filter>
    </Image>
  </ItemGroup>
  <ItemGroup>
    <None Include="Vertex.glsl">
      <Filter>Resource Files\shader</Filter>
    </None>
    <None Include="Fragment.glsl">
      <Filter>Resource Files\shader</Filter>
    </None>
    <None Include="FrameBuffer_Vertex.glsl">
      <Filter>Resource Files\shader</Filter>
    </None>
    <None Include="FrameBuffer_Fragment.glsl">
      <Filter>Resource Files\shader</Filter>
    </None>
  </ItemGroup>
</Project>