<?xml version="1.0" encoding="utf-8"?>
<Project ToolsVersion="4.0" xmlns="http://schemas.microsoft.com/developer/msbuild/2003">
  <ItemGroup>
    <Filter Include="Source Files">
      <UniqueIdentifier>{4FC737F1-C7A5-4376-A066-2A32D752A2FF}</UniqueIdentifier>
      <Extensions>cpp;c;cc;cxx;c++;cppm;ixx;def;odl;idl;hpj;bat;asm;asmx</Extensions>
    </Filter>
    <Filter Include="Header Files">
      <UniqueIdentifier>{93995380-89BD-4b04-88EB-625FBE52EBFB}</UniqueIdentifier>
      <Extensions>h;hh;hpp;hxx;h++;hm;inl;inc;ipp;xsd</Extensions>
    </Filter>
    <Filter Include="Resource Files">
      <UniqueIdentifier>{67DA6AB6-F800-4c08-8B7A-83BB121AAD01}</UniqueIdentifier>
      <Extensions>rc;ico;cur;bmp;dlg;rc2;rct;bin;rgs;gif;jpg;jpeg;jpe;resx;tiff;tif;png;wav;mfcribbon-ms</Extensions>
    </Filter>
    <Filter Include="Source Files\util">
      <UniqueIdentifier>{a3692e2e-9cd8-44bc-99af-5f2648048427}</UniqueIdentifier>
    </Filter>
    <Filter Include="Header Files\core">
      <UniqueIdentifier>{bad365b4-c44a-4bf8-94dd-a95639b74505}</UniqueIdentifier>
    </Filter>
    <Filter Include="Source Files\core">
      <UniqueIdentifier>{38250145-afc7-4cf0-84b1-30f9e465515f}</UniqueIdentifier>
    </Filter>
    <Filter Include="Header Files\core\scene">
      <UniqueIdentifier>{19b03976-e2f0-4731-8ce4-b7e2978b4a61}</UniqueIdentifier>
    </Filter>
    <Filter Include="Source Files\core\scene">
      <UniqueIdentifier>{bc67392c-97c0-40c5-b9ae-3732773767e2}</UniqueIdentifier>
    </Filter>
    <Filter Include="Header Files\core\debug">
      <UniqueIdentifier>{26871129-7f2b-491e-9c73-6c683c061f28}</UniqueIdentifier>
    </Filter>
    <Filter Include="Source Files\core\debug">
      <UniqueIdentifier>{623d1758-2958-4bc2-8e27-b6bdc20b69d7}</UniqueIdentifier>
    </Filter>
    <Filter Include="Header Files\test">
      <UniqueIdentifier>{03232280-97bf-4d67-8f33-93591f964339}</UniqueIdentifier>
    </Filter>
    <Filter Include="Source Files\test">
      <UniqueIdentifier>{77cf095a-756f-4d22-acf4-fc000999f3ac}</UniqueIdentifier>
    </Filter>
    <Filter Include="Header Files\core\memory">
      <UniqueIdentifier>{64c6ef8a-945d-493d-93b0-14aa91c50a65}</UniqueIdentifier>
    </Filter>
    <Filter Include="Source Files\core\memory">
      <UniqueIdentifier>{d549a147-2051-458f-a0db-f811c34ad890}</UniqueIdentifier>
    </Filter>
    <Filter Include="Resource Files\shaders">
      <UniqueIdentifier>{bf9f9913-4415-49a6-94dd-49123eed13d1}</UniqueIdentifier>
    </Filter>
    <Filter Include="Resource Files\images">
      <UniqueIdentifier>{8c02da42-5baf-4fb0-abe0-bb08de3d8838}</UniqueIdentifier>
    </Filter>
  </ItemGroup>
  <ItemGroup>
    <ClCompile Include="src\main.cpp">
      <Filter>Source Files</Filter>
    </ClCompile>
    <ClCompile Include="src\core\debug\debug.cpp">
      <Filter>Source Files\core\debug</Filter>
    </ClCompile>
    <ClCompile Include="src\core\vendor\stb_image.cpp">
      <Filter>Source Files\util</Filter>
    </ClCompile>
    <ClCompile Include="src\core\platform\VertexBuffer.cpp">
      <Filter>Source Files\core</Filter>
    </ClCompile>
    <ClCompile Include="src\core\platform\IndexBuffer.cpp">
      <Filter>Source Files\core</Filter>
    </ClCompile>
    <ClCompile Include="src\core\platform\VertexArray.cpp">
      <Filter>Source Files\core</Filter>
    </ClCompile>
    <ClCompile Include="src\core\platform\Shader.cpp">
      <Filter>Source Files\core</Filter>
    </ClCompile>
    <ClCompile Include="src\core\platform\Texture.cpp">
      <Filter>Source Files\core</Filter>
    </ClCompile>
    <ClCompile Include="src\core\scene\Entity.cpp">
      <Filter>Source Files\core\scene</Filter>
    </ClCompile>
    <ClCompile Include="src\core\scene\Camera.cpp">
      <Filter>Source Files\core\scene</Filter>
    </ClCompile>
    <ClCompile Include="src\core\scene\Layer.cpp">
      <Filter>Source Files\core\scene</Filter>
    </ClCompile>
    <ClCompile Include="src\core\scene\LayerRenderer.cpp">
      <Filter>Source Files\core\scene</Filter>
    </ClCompile>
    <ClCompile Include="src\test\TestScene.cpp">
      <Filter>Source Files</Filter>
    </ClCompile>
    <ClCompile Include="src\core\core.cpp">
      <Filter>Source Files\core</Filter>
    </ClCompile>
    <ClCompile Include="src\core\memory\scope.cpp">
      <Filter>Source Files\core\memory</Filter>
    </ClCompile>
    <ClCompile Include="src\core\memory\ref.cpp">
      <Filter>Source Files\core\memory</Filter>
    </ClCompile>
  </ItemGroup>
  <ItemGroup>
    <ClInclude Include="src\core\platform\VertexBuffer.h">
      <Filter>Header Files\core</Filter>
    </ClInclude>
    <ClInclude Include="src\core\platform\IndexBuffer.h">
      <Filter>Header Files\core</Filter>
    </ClInclude>
    <ClInclude Include="src\core\platform\VertexArray.h">
      <Filter>Header Files\core</Filter>
    </ClInclude>
    <ClInclude Include="src\core\platform\Shader.h">
      <Filter>Header Files\core</Filter>
    </ClInclude>
    <ClInclude Include="src\core\platform\Texture.h">
      <Filter>Header Files\core</Filter>
    </ClInclude>
    <ClInclude Include="src\core\scene\Entity.h">
      <Filter>Header Files\core\scene</Filter>
    </ClInclude>
    <ClInclude Include="src\core\scene\Camera.h">
      <Filter>Header Files\core\scene</Filter>
    </ClInclude>
    <ClInclude Include="src\core\scene\Layer.h">
      <Filter>Header Files\core\scene</Filter>
    </ClInclude>
    <ClInclude Include="src\core\core.h">
      <Filter>Header Files\core</Filter>
    </ClInclude>
    <ClInclude Include="src\core\debug\debug.h">
      <Filter>Header Files\core\debug</Filter>
    </ClInclude>
    <ClInclude Include="src\core\scene\LayerRenderer.h">
      <Filter>Header Files\core\scene</Filter>
    </ClInclude>
    <ClInclude Include="src\test\TestScene.h">
      <Filter>Header Files</Filter>
    </ClInclude>
    <ClInclude Include="src\core\memory\ref.h">
      <Filter>Header Files\core\memory</Filter>
    </ClInclude>
    <ClInclude Include="src\core\memory\scope.h">
      <Filter>Header Files\core\memory</Filter>
    </ClInclude>
    <ClInclude Include="src\core\memory\memory.h">
      <Filter>Header Files</Filter>
    </ClInclude>
    <ClInclude Include="src\core\platform\platform.h">
      <Filter>Header Files</Filter>
    </ClInclude>
    <ClInclude Include="src\core\scene\scene.h">
      <Filter>Header Files</Filter>
    </ClInclude>
    <ClInclude Include="src\core\vendor\vendor.h">
      <Filter>Header Files</Filter>
    </ClInclude>
  </ItemGroup>
  <ItemGroup>
    <Image Include="src\resources\images\sample.png">
      <Filter>Resource Files\images</Filter>
    </Image>
    <Image Include="src\resources\images\sample2.png">
      <Filter>Resource Files\images</Filter>
    </Image>
    <Image Include="src\resources\images\awesomeface.png">
      <Filter>Resource Files\images</Filter>
    </Image>
    <Image Include="src\resources\images\container.jpg">
      <Filter>Resource Files\images</Filter>
    </Image>
  </ItemGroup>
  <ItemGroup>
    <None Include="src\resources\shaders\Vertex.glsl">
      <Filter>Resource Files\shaders</Filter>
    </None>
    <None Include="src\resources\shaders\Fragment.glsl">
      <Filter>Resource Files\shaders</Filter>
    </None>
    <None Include="src\resources\shaders\FrameBuffer_Vertex.glsl">
      <Filter>Resource Files\shaders</Filter>
    </None>
    <None Include="src\resources\shaders\FrameBuffer_Fragment.glsl">
      <Filter>Resource Files\shaders</Filter>
    </None>
  </ItemGroup>
</Project>